Microsoft Visual Studio Solution File, Format Version 12.00
# Visual Studio 15
VisualStudioVersion = 15.0.26430.14
MinimumVisualStudioVersion = 10.0.40219.1
Project("{FAE04EC0-301F-11D3-BF4B-00C04F79EFBC}") = "Program", "Robot\Program.csproj", "{03FEAB3A-967A-4856-982C-8A600A7335CD}"
EndProject
Project("{FAE04EC0-301F-11D3-BF4B-00C04F79EFBC}") = "RobotTest", "RobotTest\RobotTest.csproj", "{48F84DEA-D066-49DC-B4B8-349C690A7837}"
EndProject
Global
	GlobalSection(SolutionConfigurationPlatforms) = preSolution
		Debug|Any CPU = Debug|Any CPU
		Debug|x86 = Debug|x86
		Release|Any CPU = Release|Any CPU
		Release|x86 = Release|x86
	EndGlobalSection
	GlobalSection(ProjectConfigurationPlatforms) = postSolution
		{03FEAB3A-967A-4856-982C-8A600A7335CD}.Debug|Any CPU.ActiveCfg = Debug|x86
		{03FEAB3A-967A-4856-982C-8A600A7335CD}.Debug|x86.ActiveCfg = Debug|x86
		{03FEAB3A-967A-4856-982C-8A600A7335CD}.Debug|x86.Build.0 = Debug|x86
		{03FEAB3A-967A-4856-982C-8A600A7335CD}.Release|Any CPU.ActiveCfg = Release|x86
		{03FEAB3A-967A-4856-982C-8A600A7335CD}.Release|x86.ActiveCfg = Release|x86
		{03FEAB3A-967A-4856-982C-8A600A7335CD}.Release|x86.Build.0 = Release|x86
		{48F84DEA-D066-49DC-B4B8-349C690A7837}.Debug|Any CPU.ActiveCfg = Debug|Any CPU
		{48F84DEA-D066-49DC-B4B8-349C690A7837}.Debug|Any CPU.Build.0 = Debug|Any CPU
		{48F84DEA-D066-49DC-B4B8-349C690A7837}.Debug|x86.ActiveCfg = Debug|Any CPU
		{48F84DEA-D066-49DC-B4B8-349C690A7837}.Debug|x86.Build.0 = Debug|Any CPU
		{48F84DEA-D066-49DC-B4B8-349C690A7837}.Release|Any CPU.ActiveCfg = Release|Any CPU
		{48F84DEA-D066-49DC-B4B8-349C690A7837}.Release|Any CPU.Build.0 = Release|Any CPU
		{48F84DEA-D066-49DC-B4B8-349C690A7837}.Release|x86.ActiveCfg = Release|Any CPU
		{48F84DEA-D066-49DC-B4B8-349C690A7837}.Release|x86.Build.0 = Release|Any CPU
	EndGlobalSection
	GlobalSection(SolutionProperties) = preSolution
		HideSolutionNode = FALSE
	EndGlobalSection
	GlobalSection(MonoDevelopProperties) = preSolution
		Policies = $0
		$0.DotNetNamingPolicy = $1
		$1.DirectoryNamespaceAssociation = PrefixedHierarchical
		$0.StandardHeader = $2
	EndGlobalSection
EndGlobal
